<Solution>
  <Project Path="SaleConsumer/SaleConsumer.csproj" Id="46c1f4ff-1d4b-4919-896b-3608841c31fb" />
  <Project Path="TomadaStore.CustomerAPI/TomadaStore.CustomerAPI.csproj" />
  <Project Path="TomadaStore.ProductAPI/TomadaStore.ProductAPI.csproj" />
  <Project Path="TomadaStore.SalesAPI/TomadaStore.SalesAPI.csproj" />
  <Project Path="TomadaStore/TomadaStore.Models.csproj" />
</Solution>
